PODS:
  - BothamNetworking (2.0.0):
    - Result
    - SwiftyJSON
  - BothamUI (2.0.0)
  - CryptoSwift (0.6.7)
  - KIF (3.5.1):
    - KIF/Core (= 3.5.1)
  - KIF/Core (3.5.1)
  - MarvelAPIClient (0.0.1):
    - BothamNetworking
    - CryptoSwift
    - SwiftyJSON
  - Nimble (5.1.1)
  - Result (3.1.0)
  - SDWebImage (3.7.5):
    - SDWebImage/Core (= 3.7.5)
  - SDWebImage/Core (3.7.5)
  - SwiftyJSON (3.1.4)

DEPENDENCIES:
  - BothamUI (~> 2.0)
  - KIF (~> 3.0)
  - MarvelAPIClient (from `git@github.com:Karumi/MarvelApiClient.git`)
  - Nimble (~> 5.0)
  - SDWebImage

EXTERNAL SOURCES:
  MarvelAPIClient:
    :git: git@github.com:Karumi/MarvelApiClient.git

CHECKOUT OPTIONS:
  MarvelAPIClient:
    :commit: bce0e94e8c84910a5a502402153917c8b56e8780
    :git: git@github.com:Karumi/MarvelApiClient.git

SPEC CHECKSUMS:
  BothamNetworking: ca91ad12113d8fae57aecec3a785008a81fcb22e
  BothamUI: 5d1073124d4b14e32868a3eeb37509f1e8a73638
  CryptoSwift: 685ae257941e5447474348a2b545583e1a16b573
  KIF: 082eb65279e51c3092923802849eb796a04982ab
  MarvelAPIClient: 95c5af8072347c2c68d93c11037ceb35ea6c4868
  Nimble: 415e3aa3267e7bc2c96b05fa814ddea7bb686a29
  Result: 4e3ed5995ed94d0cd6a09be9a431fce3f3624bbf
  SDWebImage: 69c6303e3348fba97e03f65d65d4fbc26740f461
  SwiftyJSON: c2842d878f95482ffceec5709abc3d05680c0220

PODFILE CHECKSUM: 4d115d86cb245e0b2750ccdfe1b823f0e44df710

COCOAPODS: 1.1.1
